
Microsoft Visual Studio Solution File, Format Version 12.00
# Visual Studio Version 17
VisualStudioVersion = 17.0.31919.166
MinimumVisualStudioVersion = 10.0.40219.1
Project("{FAE04EC0-301F-11D3-BF4B-00C04F79EFBC}") = "screble 2.0", "screble 2.0\screble 2.0.csproj", "{EFC21C40-D09B-4613-B8ED-FC963D538021}"
EndProject
Global
	GlobalSection(SolutionConfigurationPlatforms) = preSolution
		Debug|Any CPU = Debug|Any CPU
		Release|Any CPU = Release|Any CPU
	EndGlobalSection
	GlobalSection(ProjectConfigurationPlatforms) = postSolution
		{EFC21C40-D09B-4613-B8ED-FC963D538021}.Debug|Any CPU.ActiveCfg = Debug|Any CPU
		{EFC21C40-D09B-4613-B8ED-FC963D538021}.Debug|Any CPU.Build.0 = Debug|Any CPU
		{EFC21C40-D09B-4613-B8ED-FC963D538021}.Release|Any CPU.ActiveCfg = Release|Any CPU
		{EFC21C40-D09B-4613-B8ED-FC963D538021}.Release|Any CPU.Build.0 = Release|Any CPU
	EndGlobalSection
	GlobalSection(SolutionProperties) = preSolution
		HideSolutionNode = FALSE
	EndGlobalSection
	GlobalSection(ExtensibilityGlobals) = postSolution
		SolutionGuid = {7CF088BB-0C15-49AD-9A37-0E37C733382A}
	EndGlobalSection
EndGlobal
